# generated by rye
# use `rye lock` or `rye sync` to update this lockfile
#
# last locked with the following flags:
#   pre: false
#   features: []
#   all-features: false
#   with-sources: false
#   generate-hashes: false
#   universal: false

-e file:.
-e file:example
backcall==0.2.0
    # via ipython
comm==0.2.2
    # via ipykernel
debugpy==1.8.12
    # via ipykernel
decorator==5.1.1
    # via ipython
entrypoints==0.4
    # via jupyter-client
ipykernel==6.29.5
    # via simple-judge
ipython==7.34.0
    # via ipykernel
jedi==0.19.2
    # via ipython
jupyter-client==7.4.9
    # via ipykernel
jupyter-core==5.7.2
    # via ipykernel
    # via jupyter-client
matplotlib-inline==0.1.7
    # via ipykernel
    # via ipython
nest-asyncio==1.6.0
    # via ipykernel
    # via jupyter-client
packaging==24.2
    # via ipykernel
parso==0.8.4
    # via jedi
pexpect==4.9.0
    # via ipython
pickleshare==0.7.5
    # via ipython
platformdirs==4.3.6
    # via jupyter-core
prompt-toolkit==3.0.50
    # via ipython
psutil==7.0.0
    # via ipykernel
ptyprocess==0.7.0
    # via pexpect
pygments==2.19.1
    # via ipython
python-dateutil==2.9.0.post0
    # via jupyter-client
pyzmq==26.2.1
    # via ipykernel
    # via jupyter-client
setuptools==75.8.0
    # via ipython
six==1.17.0
    # via python-dateutil
tornado==6.4.2
    # via ipykernel
    # via jupyter-client
traitlets==5.14.3
    # via comm
    # via ipykernel
    # via ipython
    # via jupyter-client
    # via jupyter-core
    # via matplotlib-inline
wcwidth==0.2.13
    # via prompt-toolkit
